
Microsoft Visual Studio Solution File, Format Version 12.00
# Visual Studio 15
VisualStudioVersion = 15.0.26730.3
MinimumVisualStudioVersion = 10.0.40219.1
Project("{9A19103F-16F7-4668-BE54-9A1E7A4F7556}") = "AZSimAgent", "AZSimAgent\AZSimAgent.csproj", "{D249CD42-E04D-4438-AFF4-458164487F73}"
EndProject
Project("{9092AA53-FB77-4645-B42D-1CCCA6BD08BD}") = "AZSimAgentJS", "AZSimAgentJS\AZSimAgentJS.njsproj", "{3E42BC49-13EC-46C5-BF3B-09FF9568E537}"
EndProject
Project("{9092AA53-FB77-4645-B42D-1CCCA6BD08BD}") = "AZSimAdminConsole", "AZSimAdminConsole\AZSimAdminConsole.njsproj", "{C83E709E-604C-4C39-94E7-DA4A56893D36}"
EndProject
Project("{9A19103F-16F7-4668-BE54-9A1E7A4F7556}") = "AZSimOrchestrator", "AZSimOrchestrator\AZSimOrchestrator.csproj", "{F2CD2DEF-3464-4210-9876-DBE8E5DF44D4}"
EndProject
Project("{9A19103F-16F7-4668-BE54-9A1E7A4F7556}") = "AZSimHostAgent", "AZSimHostAgent\AZSimHostAgent.csproj", "{5B828E7A-0167-41D5-B9EC-0958BA4DE89F}"
EndProject
Project("{2150E333-8FDC-42A3-9474-1A3956D46DE8}") = "AZSimContainers", "AZSimContainers", "{3D09384E-EC14-4199-9E58-9437DEC212C0}"
	ProjectSection(SolutionItems) = preProject
		AZSimContainers\Dockerfile = AZSimContainers\Dockerfile
	EndProjectSection
EndProject
Project("{2150E333-8FDC-42A3-9474-1A3956D46DE8}") = "Kubernetes", "Kubernetes", "{E0A8008F-7DE2-4C7C-B18B-1138C0C6ADF0}"
	ProjectSection(SolutionItems) = preProject
		AZSimContainers\KubernetesDeployments\LimitRange.yaml = AZSimContainers\KubernetesDeployments\LimitRange.yaml
		AZSimContainers\KubernetesDeployments\repcont.yaml = AZSimContainers\KubernetesDeployments\repcont.yaml
	EndProjectSection
EndProject
Project("{2150E333-8FDC-42A3-9474-1A3956D46DE8}") = "AzureContainerInstances", "AzureContainerInstances", "{A60E9490-8F35-4E3C-954F-138AB05918A9}"
	ProjectSection(SolutionItems) = preProject
		AZCliScript.bat = AZCliScript.bat
		azuredeploy.json = azuredeploy.json
		azuredeploy.parameters.json = azuredeploy.parameters.json
	EndProjectSection
EndProject
Global
	GlobalSection(SolutionConfigurationPlatforms) = preSolution
		Debug|Any CPU = Debug|Any CPU
		Release|Any CPU = Release|Any CPU
	EndGlobalSection
	GlobalSection(ProjectConfigurationPlatforms) = postSolution
		{D249CD42-E04D-4438-AFF4-458164487F73}.Debug|Any CPU.ActiveCfg = Debug|Any CPU
		{D249CD42-E04D-4438-AFF4-458164487F73}.Debug|Any CPU.Build.0 = Debug|Any CPU
		{D249CD42-E04D-4438-AFF4-458164487F73}.Release|Any CPU.ActiveCfg = Release|Any CPU
		{D249CD42-E04D-4438-AFF4-458164487F73}.Release|Any CPU.Build.0 = Release|Any CPU
		{3E42BC49-13EC-46C5-BF3B-09FF9568E537}.Debug|Any CPU.ActiveCfg = Debug|Any CPU
		{3E42BC49-13EC-46C5-BF3B-09FF9568E537}.Debug|Any CPU.Build.0 = Debug|Any CPU
		{3E42BC49-13EC-46C5-BF3B-09FF9568E537}.Release|Any CPU.ActiveCfg = Release|Any CPU
		{3E42BC49-13EC-46C5-BF3B-09FF9568E537}.Release|Any CPU.Build.0 = Release|Any CPU
		{C83E709E-604C-4C39-94E7-DA4A56893D36}.Debug|Any CPU.ActiveCfg = Debug|Any CPU
		{C83E709E-604C-4C39-94E7-DA4A56893D36}.Debug|Any CPU.Build.0 = Debug|Any CPU
		{C83E709E-604C-4C39-94E7-DA4A56893D36}.Release|Any CPU.ActiveCfg = Release|Any CPU
		{C83E709E-604C-4C39-94E7-DA4A56893D36}.Release|Any CPU.Build.0 = Release|Any CPU
		{F2CD2DEF-3464-4210-9876-DBE8E5DF44D4}.Debug|Any CPU.ActiveCfg = Debug|Any CPU
		{F2CD2DEF-3464-4210-9876-DBE8E5DF44D4}.Debug|Any CPU.Build.0 = Debug|Any CPU
		{F2CD2DEF-3464-4210-9876-DBE8E5DF44D4}.Release|Any CPU.ActiveCfg = Release|Any CPU
		{F2CD2DEF-3464-4210-9876-DBE8E5DF44D4}.Release|Any CPU.Build.0 = Release|Any CPU
		{5B828E7A-0167-41D5-B9EC-0958BA4DE89F}.Debug|Any CPU.ActiveCfg = Debug|Any CPU
		{5B828E7A-0167-41D5-B9EC-0958BA4DE89F}.Debug|Any CPU.Build.0 = Debug|Any CPU
		{5B828E7A-0167-41D5-B9EC-0958BA4DE89F}.Release|Any CPU.ActiveCfg = Release|Any CPU
		{5B828E7A-0167-41D5-B9EC-0958BA4DE89F}.Release|Any CPU.Build.0 = Release|Any CPU
	EndGlobalSection
	GlobalSection(SolutionProperties) = preSolution
		HideSolutionNode = FALSE
	EndGlobalSection
	GlobalSection(NestedProjects) = preSolution
		{E0A8008F-7DE2-4C7C-B18B-1138C0C6ADF0} = {3D09384E-EC14-4199-9E58-9437DEC212C0}
		{A60E9490-8F35-4E3C-954F-138AB05918A9} = {3D09384E-EC14-4199-9E58-9437DEC212C0}
	EndGlobalSection
	GlobalSection(ExtensibilityGlobals) = postSolution
		SolutionGuid = {A1ABD7AF-B148-4B62-9707-F2EA33B6A189}
	EndGlobalSection
EndGlobal
